
Microsoft Visual Studio Solution File, Format Version 12.00
# Visual Studio Version 17
VisualStudioVersion = 17.10.35122.118
MinimumVisualStudioVersion = 10.0.40219.1
Project("{FAE04EC0-301F-11D3-BF4B-00C04F79EFBC}") = "NTier.DAL", "NTier.DAL\NTier.DAL.csproj", "{2359FA7C-40B2-4962-AAE3-F0EB949B67A7}"
EndProject
Project("{FAE04EC0-301F-11D3-BF4B-00C04F79EFBC}") = "NTier.BLL", "NTier.BLL\NTier.BLL.csproj", "{879EDA83-4C9B-4CC8-BDE0-6915845206B9}"
EndProject
Project("{FAE04EC0-301F-11D3-BF4B-00C04F79EFBC}") = "NTier.UI", "NTier.UI\NTier.UI.csproj", "{C2BA02DB-5F71-412E-BB5F-F095135AD952}"
EndProject
Global
	GlobalSection(SolutionConfigurationPlatforms) = preSolution
		Debug|Any CPU = Debug|Any CPU
		Release|Any CPU = Release|Any CPU
	EndGlobalSection
	GlobalSection(ProjectConfigurationPlatforms) = postSolution
		{2359FA7C-40B2-4962-AAE3-F0EB949B67A7}.Debug|Any CPU.ActiveCfg = Debug|Any CPU
		{2359FA7C-40B2-4962-AAE3-F0EB949B67A7}.Debug|Any CPU.Build.0 = Debug|Any CPU
		{2359FA7C-40B2-4962-AAE3-F0EB949B67A7}.Release|Any CPU.ActiveCfg = Release|Any CPU
		{2359FA7C-40B2-4962-AAE3-F0EB949B67A7}.Release|Any CPU.Build.0 = Release|Any CPU
		{879EDA83-4C9B-4CC8-BDE0-6915845206B9}.Debug|Any CPU.ActiveCfg = Debug|Any CPU
		{879EDA83-4C9B-4CC8-BDE0-6915845206B9}.Debug|Any CPU.Build.0 = Debug|Any CPU
		{879EDA83-4C9B-4CC8-BDE0-6915845206B9}.Release|Any CPU.ActiveCfg = Release|Any CPU
		{879EDA83-4C9B-4CC8-BDE0-6915845206B9}.Release|Any CPU.Build.0 = Release|Any CPU
		{C2BA02DB-5F71-412E-BB5F-F095135AD952}.Debug|Any CPU.ActiveCfg = Debug|Any CPU
		{C2BA02DB-5F71-412E-BB5F-F095135AD952}.Debug|Any CPU.Build.0 = Debug|Any CPU
		{C2BA02DB-5F71-412E-BB5F-F095135AD952}.Release|Any CPU.ActiveCfg = Release|Any CPU
		{C2BA02DB-5F71-412E-BB5F-F095135AD952}.Release|Any CPU.Build.0 = Release|Any CPU
	EndGlobalSection
	GlobalSection(SolutionProperties) = preSolution
		HideSolutionNode = FALSE
	EndGlobalSection
	GlobalSection(ExtensibilityGlobals) = postSolution
		SolutionGuid = {9D0FB152-25AE-4810-84DB-EB405CB58D71}
	EndGlobalSection
EndGlobal
